
Microsoft Visual Studio Solution File, Format Version 12.00
# Visual Studio 2013
VisualStudioVersion = 12.0.31101.0
MinimumVisualStudioVersion = 10.0.40219.1
Project("{2150E333-8FDC-42A3-9474-1A3956D46DE8}") = "Solution Items", "Solution Items", "{3D7DE5C7-ED35-442C-9B33-BFFC889361C4}"
	ProjectSection(SolutionItems) = preProject
		Elastacloud.Brisk.Synchronisation.fsx = Elastacloud.Brisk.Synchronisation.fsx
		StorageAccountSync.fsx = StorageAccountSync.fsx
		UpdateMBrace.fsx = UpdateMBrace.fsx
	EndProjectSection
EndProject
Global
	GlobalSection(SolutionProperties) = preSolution
		HideSolutionNode = FALSE
	EndGlobalSection
EndGlobal
